# Generated by pub
# See https://dart.dev/tools/pub/glossary#lockfile
packages:
  flutter:
    dependency: "direct main"
    description: flutter
    source: sdk
    version: "0.0.0"
  flutter_test:
    dependency: "direct dev"
    description: flutter
    source: sdk
    version: "0.0.0"
  legacy_camera_plugin:
    dependency: "direct main"
    description:
      name: legacy_camera_plugin
      sha256: "0f5ee4e1a9ab3e2f7d0e1e6f4d0b4cb4a4c2b3f6f7c0b3f1c2f3e4d5c6b7a891"
      url: "https://pub.dev"
    source: hosted
    version: "0.5.8"
  modern_share_plugin:
    dependency: "direct main"
    description:
      name: modern_share_plugin
      sha256: "7a3c1d9e2b4f6a8c0e1d3b5f7a9c2e4d6b8f0a1c3e5d7b9f2a4c6e8d0b1f3a57"
      url: "https://pub.dev"
    source: hosted
    version: "2.1.0"
  sky_engine:
    dependency: transitive
    description: flutter
    source: sdk
    version: "0.0.99"
  string_tools:
    dependency: transitive
    description:
      name: string_tools
      sha256: "c4e2a6b8d0f1e3c5a7b9d2f4e6a8c0b1d3f5e7a9c2b4d6f8e0a1c3b5d7f9e2a4"
      url: "https://pub.dev"
    source: hosted
    version: "1.2.0"
sdks:
  dart: ">=3.4.0 <3.5.0"
  flutter: ">=3.10.0"
